
Microsoft Visual Studio Solution File, Format Version 12.00
Project("{FAE04EC0-301F-11D3-BF4B-00C04F79EFBC}") = "BookingSystem.Api", "src\BookingSystem.Api\BookingSystem.Api.csproj", "{AB1E82DA-E338-4E97-8520-E393DAF7EFCA}"
EndProject
Project("{2150E333-8FDC-42A3-9474-1A3956D46DE8}") = "Modules", "Modules", "{CA253913-39DE-BFD0-C9A3-4B7EC6FBDF17}"
EndProject
Project("{2150E333-8FDC-42A3-9474-1A3956D46DE8}") = "Booking", "Booking", "{E786206D-41DF-7E7C-EFEE-0E57200D9493}"
EndProject
Project("{FAE04EC0-301F-11D3-BF4B-00C04F79EFBC}") = "Booking.Domain", "src\Modules\Booking\Booking.Domain\Booking.Domain.csproj", "{83141411-E24E-4AE3-9CBE-E3CC7C597D9A}"
EndProject
Project("{FAE04EC0-301F-11D3-BF4B-00C04F79EFBC}") = "Booking.Contracts", "src\Modules\Booking\Booking.Contracts\Booking.Contracts.csproj", "{6DADB80F-8A6C-4068-8821-9C3A831A0AC0}"
EndProject
Project("{FAE04EC0-301F-11D3-BF4B-00C04F79EFBC}") = "Booking.Application", "src\Modules\Booking\Booking.Application\Booking.Application.csproj", "{5602E8F7-9CB1-4AB5-85DA-1C6666752F3E}"
EndProject
Project("{FAE04EC0-301F-11D3-BF4B-00C04F79EFBC}") = "Booking.Infrastructure", "src\Modules\Booking\Booking.Infrastructure\Booking.Infrastructure.csproj", "{9CE09AEE-D152-46DF-8585-321A71296F87}"
EndProject
Global
	GlobalSection(SolutionConfigurationPlatforms) = preSolution
		Debug|Any CPU = Debug|Any CPU
		Debug|x64 = Debug|x64
		Debug|x86 = Debug|x86
		Release|Any CPU = Release|Any CPU
		Release|x64 = Release|x64
		Release|x86 = Release|x86
	EndGlobalSection
	GlobalSection(ProjectConfigurationPlatforms) = postSolution
		{AB1E82DA-E338-4E97-8520-E393DAF7EFCA}.Debug|Any CPU.ActiveCfg = Debug|Any CPU
		{AB1E82DA-E338-4E97-8520-E393DAF7EFCA}.Debug|Any CPU.Build.0 = Debug|Any CPU
		{AB1E82DA-E338-4E97-8520-E393DAF7EFCA}.Debug|x64.ActiveCfg = Debug|Any CPU
		{AB1E82DA-E338-4E97-8520-E393DAF7EFCA}.Debug|x64.Build.0 = Debug|Any CPU
		{AB1E82DA-E338-4E97-8520-E393DAF7EFCA}.Debug|x86.ActiveCfg = Debug|Any CPU
		{AB1E82DA-E338-4E97-8520-E393DAF7EFCA}.Debug|x86.Build.0 = Debug|Any CPU
		{AB1E82DA-E338-4E97-8520-E393DAF7EFCA}.Release|Any CPU.ActiveCfg = Release|Any CPU
		{AB1E82DA-E338-4E97-8520-E393DAF7EFCA}.Release|Any CPU.Build.0 = Release|Any CPU
		{AB1E82DA-E338-4E97-8520-E393DAF7EFCA}.Release|x64.ActiveCfg = Release|Any CPU
		{AB1E82DA-E338-4E97-8520-E393DAF7EFCA}.Release|x64.Build.0 = Release|Any CPU
		{AB1E82DA-E338-4E97-8520-E393DAF7EFCA}.Release|x86.ActiveCfg = Release|Any CPU
		{AB1E82DA-E338-4E97-8520-E393DAF7EFCA}.Release|x86.Build.0 = Release|Any CPU
		{83141411-E24E-4AE3-9CBE-E3CC7C597D9A}.Debug|Any CPU.ActiveCfg = Debug|Any CPU
		{83141411-E24E-4AE3-9CBE-E3CC7C597D9A}.Debug|Any CPU.Build.0 = Debug|Any CPU
		{83141411-E24E-4AE3-9CBE-E3CC7C597D9A}.Debug|x64.ActiveCfg = Debug|Any CPU
		{83141411-E24E-4AE3-9CBE-E3CC7C597D9A}.Debug|x64.Build.0 = Debug|Any CPU
		{83141411-E24E-4AE3-9CBE-E3CC7C597D9A}.Debug|x86.ActiveCfg = Debug|Any CPU
		{83141411-E24E-4AE3-9CBE-E3CC7C597D9A}.Debug|x86.Build.0 = Debug|Any CPU
		{83141411-E24E-4AE3-9CBE-E3CC7C597D9A}.Release|Any CPU.ActiveCfg = Release|Any CPU
		{83141411-E24E-4AE3-9CBE-E3CC7C597D9A}.Release|Any CPU.Build.0 = Release|Any CPU
		{83141411-E24E-4AE3-9CBE-E3CC7C597D9A}.Release|x64.ActiveCfg = Release|Any CPU
		{83141411-E24E-4AE3-9CBE-E3CC7C597D9A}.Release|x64.Build.0 = Release|Any CPU
		{83141411-E24E-4AE3-9CBE-E3CC7C597D9A}.Release|x86.ActiveCfg = Release|Any CPU
		{83141411-E24E-4AE3-9CBE-E3CC7C597D9A}.Release|x86.Build.0 = Release|Any CPU
		{6DADB80F-8A6C-4068-8821-9C3A831A0AC0}.Debug|Any CPU.ActiveCfg = Debug|Any CPU
		{6DADB80F-8A6C-4068-8821-9C3A831A0AC0}.Debug|Any CPU.Build.0 = Debug|Any CPU
		{6DADB80F-8A6C-4068-8821-9C3A831A0AC0}.Debug|x64.ActiveCfg = Debug|Any CPU
		{6DADB80F-8A6C-4068-8821-9C3A831A0AC0}.Debug|x64.Build.0 = Debug|Any CPU
		{6DADB80F-8A6C-4068-8821-9C3A831A0AC0}.Debug|x86.ActiveCfg = Debug|Any CPU
		{6DADB80F-8A6C-4068-8821-9C3A831A0AC0}.Debug|x86.Build.0 = Debug|Any CPU
		{6DADB80F-8A6C-4068-8821-9C3A831A0AC0}.Release|Any CPU.ActiveCfg = Release|Any CPU
		{6DADB80F-8A6C-4068-8821-9C3A831A0AC0}.Release|Any CPU.Build.0 = Release|Any CPU
		{6DADB80F-8A6C-4068-8821-9C3A831A0AC0}.Release|x64.ActiveCfg = Release|Any CPU
		{6DADB80F-8A6C-4068-8821-9C3A831A0AC0}.Release|x64.Build.0 = Release|Any CPU
		{6DADB80F-8A6C-4068-8821-9C3A831A0AC0}.Release|x86.ActiveCfg = Release|Any CPU
		{6DADB80F-8A6C-4068-8821-9C3A831A0AC0}.Release|x86.Build.0 = Release|Any CPU
		{5602E8F7-9CB1-4AB5-85DA-1C6666752F3E}.Debug|Any CPU.ActiveCfg = Debug|Any CPU
		{5602E8F7-9CB1-4AB5-85DA-1C6666752F3E}.Debug|Any CPU.Build.0 = Debug|Any CPU
		{5602E8F7-9CB1-4AB5-85DA-1C6666752F3E}.Debug|x64.ActiveCfg = Debug|Any CPU
		{5602E8F7-9CB1-4AB5-85DA-1C6666752F3E}.Debug|x64.Build.0 = Debug|Any CPU
		{5602E8F7-9CB1-4AB5-85DA-1C6666752F3E}.Debug|x86.ActiveCfg = Debug|Any CPU
		{5602E8F7-9CB1-4AB5-85DA-1C6666752F3E}.Debug|x86.Build.0 = Debug|Any CPU
		{5602E8F7-9CB1-4AB5-85DA-1C6666752F3E}.Release|Any CPU.ActiveCfg = Release|Any CPU
		{5602E8F7-9CB1-4AB5-85DA-1C6666752F3E}.Release|Any CPU.Build.0 = Release|Any CPU
		{5602E8F7-9CB1-4AB5-85DA-1C6666752F3E}.Release|x64.ActiveCfg = Release|Any CPU
		{5602E8F7-9CB1-4AB5-85DA-1C6666752F3E}.Release|x64.Build.0 = Release|Any CPU
		{5602E8F7-9CB1-4AB5-85DA-1C6666752F3E}.Release|x86.ActiveCfg = Release|Any CPU
		{5602E8F7-9CB1-4AB5-85DA-1C6666752F3E}.Release|x86.Build.0 = Release|Any CPU
		{9CE09AEE-D152-46DF-8585-321A71296F87}.Debug|Any CPU.ActiveCfg = Debug|Any CPU
		{9CE09AEE-D152-46DF-8585-321A71296F87}.Debug|Any CPU.Build.0 = Debug|Any CPU
		{9CE09AEE-D152-46DF-8585-321A71296F87}.Debug|x64.ActiveCfg = Debug|Any CPU
		{9CE09AEE-D152-46DF-8585-321A71296F87}.Debug|x64.Build.0 = Debug|Any CPU
		{9CE09AEE-D152-46DF-8585-321A71296F87}.Debug|x86.ActiveCfg = Debug|Any CPU
		{9CE09AEE-D152-46DF-8585-321A71296F87}.Debug|x86.Build.0 = Debug|Any CPU
		{9CE09AEE-D152-46DF-8585-321A71296F87}.Release|Any CPU.ActiveCfg = Release|Any CPU
		{9CE09AEE-D152-46DF-8585-321A71296F87}.Release|Any CPU.Build.0 = Release|Any CPU
		{9CE09AEE-D152-46DF-8585-321A71296F87}.Release|x64.ActiveCfg = Release|Any CPU
		{9CE09AEE-D152-46DF-8585-321A71296F87}.Release|x64.Build.0 = Release|Any CPU
		{9CE09AEE-D152-46DF-8585-321A71296F87}.Release|x86.ActiveCfg = Release|Any CPU
		{9CE09AEE-D152-46DF-8585-321A71296F87}.Release|x86.Build.0 = Release|Any CPU
	EndGlobalSection
	GlobalSection(SolutionProperties) = preSolution
		HideSolutionNode = FALSE
	EndGlobalSection
	GlobalSection(NestedProjects) = preSolution
		{E786206D-41DF-7E7C-EFEE-0E57200D9493} = {CA253913-39DE-BFD0-C9A3-4B7EC6FBDF17}
		{83141411-E24E-4AE3-9CBE-E3CC7C597D9A} = {E786206D-41DF-7E7C-EFEE-0E57200D9493}
		{6DADB80F-8A6C-4068-8821-9C3A831A0AC0} = {E786206D-41DF-7E7C-EFEE-0E57200D9493}
		{5602E8F7-9CB1-4AB5-85DA-1C6666752F3E} = {E786206D-41DF-7E7C-EFEE-0E57200D9493}
		{9CE09AEE-D152-46DF-8585-321A71296F87} = {E786206D-41DF-7E7C-EFEE-0E57200D9493}
	EndGlobalSection
EndGlobal
